
Microsoft Visual Studio Solution File, Format Version 12.00
# Visual Studio Version 17
VisualStudioVersion = 17.0.32112.339
MinimumVisualStudioVersion = 10.0.40219.1
Project("{FAE04EC0-301F-11D3-BF4B-00C04F79EFBC}") = "SnakeAndLadderUC-4", "SnakeAndLadderUC-4.csproj", "{DC43FDF3-CFF8-43A6-BD34-F292183B76D6}"
EndProject
Global
	GlobalSection(SolutionConfigurationPlatforms) = preSolution
		Debug|Any CPU = Debug|Any CPU
		Release|Any CPU = Release|Any CPU
	EndGlobalSection
	GlobalSection(ProjectConfigurationPlatforms) = postSolution
		{DC43FDF3-CFF8-43A6-BD34-F292183B76D6}.Debug|Any CPU.ActiveCfg = Debug|Any CPU
		{DC43FDF3-CFF8-43A6-BD34-F292183B76D6}.Debug|Any CPU.Build.0 = Debug|Any CPU
		{DC43FDF3-CFF8-43A6-BD34-F292183B76D6}.Release|Any CPU.ActiveCfg = Release|Any CPU
		{DC43FDF3-CFF8-43A6-BD34-F292183B76D6}.Release|Any CPU.Build.0 = Release|Any CPU
	EndGlobalSection
	GlobalSection(SolutionProperties) = preSolution
		HideSolutionNode = FALSE
	EndGlobalSection
	GlobalSection(ExtensibilityGlobals) = postSolution
		SolutionGuid = {0E4532AB-E3AD-4DB2-849E-1A66C9C1683F}
	EndGlobalSection
EndGlobal
