
Microsoft Visual Studio Solution File, Format Version 12.00
# Visual Studio Version 17
VisualStudioVersion = 17.0.32112.339
MinimumVisualStudioVersion = 10.0.40219.1
Project("{FAE04EC0-301F-11D3-BF4B-00C04F79EFBC}") = "SnakeAndLadderUC-5", "SnakeAndLadderUC-5.csproj", "{818AE1E4-2CA9-4D0A-AD66-88BA3246F18D}"
EndProject
Global
	GlobalSection(SolutionConfigurationPlatforms) = preSolution
		Debug|Any CPU = Debug|Any CPU
		Release|Any CPU = Release|Any CPU
	EndGlobalSection
	GlobalSection(ProjectConfigurationPlatforms) = postSolution
		{818AE1E4-2CA9-4D0A-AD66-88BA3246F18D}.Debug|Any CPU.ActiveCfg = Debug|Any CPU
		{818AE1E4-2CA9-4D0A-AD66-88BA3246F18D}.Debug|Any CPU.Build.0 = Debug|Any CPU
		{818AE1E4-2CA9-4D0A-AD66-88BA3246F18D}.Release|Any CPU.ActiveCfg = Release|Any CPU
		{818AE1E4-2CA9-4D0A-AD66-88BA3246F18D}.Release|Any CPU.Build.0 = Release|Any CPU
	EndGlobalSection
	GlobalSection(SolutionProperties) = preSolution
		HideSolutionNode = FALSE
	EndGlobalSection
	GlobalSection(ExtensibilityGlobals) = postSolution
		SolutionGuid = {648010DF-507D-4507-BBAC-6E6EEA0E1DD7}
	EndGlobalSection
EndGlobal
